# Generated by Dagger. Pins the images and git refs this workspace uses.
# Any Dagger command may update this file; always commit it with your changes.
# Run `dagger lock update` to refresh the pinned versions.
[["version","2"]]
["","git-latest",["github.com/sagikazarmark/daggerverse-beta",["tagPrefix","dagger-gha"]],"refs/heads/main"]
["","git-latest",["github.com/sagikazarmark/daggerverse-beta",["tagPrefix","rust"]],"refs/heads/main"]
["","git-sha",["github.com/rustsec/advisory-db","HEAD"],"f246cde705ecb3a6b421d6d5462c6d88f317db5f"]
["","git-sha",["github.com/sagikazarmark/daggerverse-beta","refs/heads/main"],"bfaa3c365d4846aa8d447d8cd0b6f241fa55728c"]
["","oci-sha",["docker.io/library/rust:1.98-slim-trixie"],"sha256:4cd829461bd5c4d511c32e269da9cb8929223b666519d8004e35fc8d1d771ab7"]